
Microsoft Visual Studio Solution File, Format Version 12.00
# Visual Studio Version 16
VisualStudioVersion = 16.0.31424.327
MinimumVisualStudioVersion = 10.0.40219.1
Project("{FAE04EC0-301F-11D3-BF4B-00C04F79EFBC}") = "EmployeeTask.Api", "EmployeeTask.Api\EmployeeTask.Api.csproj", "{56BF4FD3-9906-4F64-8790-2E4D7534EE50}"
EndProject
Project("{FAE04EC0-301F-11D3-BF4B-00C04F79EFBC}") = "EmployeeTask.Data", "EmployeeTask.Data\EmployeeTask.Data.csproj", "{865E6CFD-B77F-481B-BDD4-0F6A57ED2B8B}"
EndProject
Project("{FAE04EC0-301F-11D3-BF4B-00C04F79EFBC}") = "EmployeeTask.Model", "EmployeeTask.Model\EmployeeTask.Model.csproj", "{57AAA79B-809D-4F4F-AF5C-793E42BDC41B}"
EndProject
Project("{FAE04EC0-301F-11D3-BF4B-00C04F79EFBC}") = "EmployeeTask.Manager", "EmployeeTask.Manager\EmployeeTask.Manager.csproj", "{7AB31E7F-35E6-4C31-AB91-D86951FE824D}"
EndProject
Project("{FAE04EC0-301F-11D3-BF4B-00C04F79EFBC}") = "EmployeeTask.Dto", "EmployeeTask.Dto\EmployeeTask.Dto.csproj", "{6A109012-C941-462F-88D5-79C3C31D132C}"
EndProject
Global
	GlobalSection(SolutionConfigurationPlatforms) = preSolution
		Debug|Any CPU = Debug|Any CPU
		Release|Any CPU = Release|Any CPU
	EndGlobalSection
	GlobalSection(ProjectConfigurationPlatforms) = postSolution
		{56BF4FD3-9906-4F64-8790-2E4D7534EE50}.Debug|Any CPU.ActiveCfg = Debug|Any CPU
		{56BF4FD3-9906-4F64-8790-2E4D7534EE50}.Debug|Any CPU.Build.0 = Debug|Any CPU
		{56BF4FD3-9906-4F64-8790-2E4D7534EE50}.Release|Any CPU.ActiveCfg = Release|Any CPU
		{56BF4FD3-9906-4F64-8790-2E4D7534EE50}.Release|Any CPU.Build.0 = Release|Any CPU
		{865E6CFD-B77F-481B-BDD4-0F6A57ED2B8B}.Debug|Any CPU.ActiveCfg = Debug|Any CPU
		{865E6CFD-B77F-481B-BDD4-0F6A57ED2B8B}.Debug|Any CPU.Build.0 = Debug|Any CPU
		{865E6CFD-B77F-481B-BDD4-0F6A57ED2B8B}.Release|Any CPU.ActiveCfg = Release|Any CPU
		{865E6CFD-B77F-481B-BDD4-0F6A57ED2B8B}.Release|Any CPU.Build.0 = Release|Any CPU
		{57AAA79B-809D-4F4F-AF5C-793E42BDC41B}.Debug|Any CPU.ActiveCfg = Debug|Any CPU
		{57AAA79B-809D-4F4F-AF5C-793E42BDC41B}.Debug|Any CPU.Build.0 = Debug|Any CPU
		{57AAA79B-809D-4F4F-AF5C-793E42BDC41B}.Release|Any CPU.ActiveCfg = Release|Any CPU
		{57AAA79B-809D-4F4F-AF5C-793E42BDC41B}.Release|Any CPU.Build.0 = Release|Any CPU
		{7AB31E7F-35E6-4C31-AB91-D86951FE824D}.Debug|Any CPU.ActiveCfg = Debug|Any CPU
		{7AB31E7F-35E6-4C31-AB91-D86951FE824D}.Debug|Any CPU.Build.0 = Debug|Any CPU
		{7AB31E7F-35E6-4C31-AB91-D86951FE824D}.Release|Any CPU.ActiveCfg = Release|Any CPU
		{7AB31E7F-35E6-4C31-AB91-D86951FE824D}.Release|Any CPU.Build.0 = Release|Any CPU
		{6A109012-C941-462F-88D5-79C3C31D132C}.Debug|Any CPU.ActiveCfg = Debug|Any CPU
		{6A109012-C941-462F-88D5-79C3C31D132C}.Debug|Any CPU.Build.0 = Debug|Any CPU
		{6A109012-C941-462F-88D5-79C3C31D132C}.Release|Any CPU.ActiveCfg = Release|Any CPU
		{6A109012-C941-462F-88D5-79C3C31D132C}.Release|Any CPU.Build.0 = Release|Any CPU
	EndGlobalSection
	GlobalSection(SolutionProperties) = preSolution
		HideSolutionNode = FALSE
	EndGlobalSection
	GlobalSection(ExtensibilityGlobals) = postSolution
		SolutionGuid = {5467A4B3-C9BC-4251-AF93-07FBC4E1E1B9}
	EndGlobalSection
EndGlobal
